
Microsoft Visual Studio Solution File, Format Version 12.00
# Visual Studio Version 17
VisualStudioVersion = 17.2.32616.157
MinimumVisualStudioVersion = 10.0.40219.1
Project("{9A19103F-16F7-4668-BE54-9A1E7A4F7556}") = "Common", "Common\Common.csproj", "{5D5E3398-3845-41A2-8F0A-95D3EAF64010}"
EndProject
Project("{9A19103F-16F7-4668-BE54-9A1E7A4F7556}") = "Data", "Data\Data.csproj", "{6B9F4636-EAE8-433A-B226-A63FF241A7B3}"
EndProject
Project("{9A19103F-16F7-4668-BE54-9A1E7A4F7556}") = "Entities", "Entities\Entities.csproj", "{C1A35C32-F3A7-4A40-88C4-DD048B1882AA}"
EndProject
Project("{9A19103F-16F7-4668-BE54-9A1E7A4F7556}") = "Api", "Api\Api.csproj", "{D84C8097-FF3E-4CEE-B47F-B3D5A14158C3}"
EndProject
Project("{9A19103F-16F7-4668-BE54-9A1E7A4F7556}") = "Services", "Services\Services.csproj", "{1AE58D17-65DF-46F1-8F87-81B8014DF430}"
EndProject
Project("{9A19103F-16F7-4668-BE54-9A1E7A4F7556}") = "WebFramework", "WebFramework\WebFramework.csproj", "{3E40BCB9-24C7-49B1-8F42-1790F1A653D1}"
EndProject
Project("{9A19103F-16F7-4668-BE54-9A1E7A4F7556}") = "DataTransferObjects", "DataTransferObjects\DataTransferObjects.csproj", "{21FE2D89-79AB-4684-96A8-B854B0BB7D89}"
EndProject
Project("{2150E333-8FDC-42A3-9474-1A3956D46DE8}") = "0. API", "0. API", "{E7E13D89-46D8-4339-B24A-7505973B4BBB}"
EndProject
Project("{2150E333-8FDC-42A3-9474-1A3956D46DE8}") = "1. Web Framework", "1. Web Framework", "{203FB63E-81AF-4B6A-923F-CE216B9B4644}"
EndProject
Project("{2150E333-8FDC-42A3-9474-1A3956D46DE8}") = "2. Business", "2. Business", "{339A4F89-434E-41CF-9562-33EC60F74AA4}"
EndProject
Project("{2150E333-8FDC-42A3-9474-1A3956D46DE8}") = "3. DTO", "3. DTO", "{B27F7506-619C-4325-8DC4-A45CCD41F1BB}"
EndProject
Project("{2150E333-8FDC-42A3-9474-1A3956D46DE8}") = "4. Data Access", "4. Data Access", "{91F01544-8205-4B82-8513-E6156CC6BEB3}"
EndProject
Project("{2150E333-8FDC-42A3-9474-1A3956D46DE8}") = "5. Model", "5. Model", "{4AE5435E-51DE-4AF0-8B2B-4375E4A36A58}"
EndProject
Project("{2150E333-8FDC-42A3-9474-1A3956D46DE8}") = "6. Aspects", "6. Aspects", "{F61069CD-BD9A-4AE3-B965-84ECDAD9B99C}"
EndProject
Global
	GlobalSection(SolutionConfigurationPlatforms) = preSolution
		Debug|Any CPU = Debug|Any CPU
		Release|Any CPU = Release|Any CPU
	EndGlobalSection
	GlobalSection(ProjectConfigurationPlatforms) = postSolution
		{5D5E3398-3845-41A2-8F0A-95D3EAF64010}.Debug|Any CPU.ActiveCfg = Debug|Any CPU
		{5D5E3398-3845-41A2-8F0A-95D3EAF64010}.Debug|Any CPU.Build.0 = Debug|Any CPU
		{5D5E3398-3845-41A2-8F0A-95D3EAF64010}.Release|Any CPU.ActiveCfg = Release|Any CPU
		{5D5E3398-3845-41A2-8F0A-95D3EAF64010}.Release|Any CPU.Build.0 = Release|Any CPU
		{6B9F4636-EAE8-433A-B226-A63FF241A7B3}.Debug|Any CPU.ActiveCfg = Debug|Any CPU
		{6B9F4636-EAE8-433A-B226-A63FF241A7B3}.Debug|Any CPU.Build.0 = Debug|Any CPU
		{6B9F4636-EAE8-433A-B226-A63FF241A7B3}.Release|Any CPU.ActiveCfg = Release|Any CPU
		{6B9F4636-EAE8-433A-B226-A63FF241A7B3}.Release|Any CPU.Build.0 = Release|Any CPU
		{C1A35C32-F3A7-4A40-88C4-DD048B1882AA}.Debug|Any CPU.ActiveCfg = Debug|Any CPU
		{C1A35C32-F3A7-4A40-88C4-DD048B1882AA}.Debug|Any CPU.Build.0 = Debug|Any CPU
		{C1A35C32-F3A7-4A40-88C4-DD048B1882AA}.Release|Any CPU.ActiveCfg = Release|Any CPU
		{C1A35C32-F3A7-4A40-88C4-DD048B1882AA}.Release|Any CPU.Build.0 = Release|Any CPU
		{D84C8097-FF3E-4CEE-B47F-B3D5A14158C3}.Debug|Any CPU.ActiveCfg = Debug|Any CPU
		{D84C8097-FF3E-4CEE-B47F-B3D5A14158C3}.Debug|Any CPU.Build.0 = Debug|Any CPU
		{D84C8097-FF3E-4CEE-B47F-B3D5A14158C3}.Release|Any CPU.ActiveCfg = Release|Any CPU
		{D84C8097-FF3E-4CEE-B47F-B3D5A14158C3}.Release|Any CPU.Build.0 = Release|Any CPU
		{1AE58D17-65DF-46F1-8F87-81B8014DF430}.Debug|Any CPU.ActiveCfg = Debug|Any CPU
		{1AE58D17-65DF-46F1-8F87-81B8014DF430}.Debug|Any CPU.Build.0 = Debug|Any CPU
		{1AE58D17-65DF-46F1-8F87-81B8014DF430}.Release|Any CPU.ActiveCfg = Release|Any CPU
		{1AE58D17-65DF-46F1-8F87-81B8014DF430}.Release|Any CPU.Build.0 = Release|Any CPU
		{3E40BCB9-24C7-49B1-8F42-1790F1A653D1}.Debug|Any CPU.ActiveCfg = Debug|Any CPU
		{3E40BCB9-24C7-49B1-8F42-1790F1A653D1}.Debug|Any CPU.Build.0 = Debug|Any CPU
		{3E40BCB9-24C7-49B1-8F42-1790F1A653D1}.Release|Any CPU.ActiveCfg = Release|Any CPU
		{3E40BCB9-24C7-49B1-8F42-1790F1A653D1}.Release|Any CPU.Build.0 = Release|Any CPU
		{21FE2D89-79AB-4684-96A8-B854B0BB7D89}.Debug|Any CPU.ActiveCfg = Debug|Any CPU
		{21FE2D89-79AB-4684-96A8-B854B0BB7D89}.Debug|Any CPU.Build.0 = Debug|Any CPU
		{21FE2D89-79AB-4684-96A8-B854B0BB7D89}.Release|Any CPU.ActiveCfg = Release|Any CPU
		{21FE2D89-79AB-4684-96A8-B854B0BB7D89}.Release|Any CPU.Build.0 = Release|Any CPU
	EndGlobalSection
	GlobalSection(SolutionProperties) = preSolution
		HideSolutionNode = FALSE
	EndGlobalSection
	GlobalSection(NestedProjects) = preSolution
		{5D5E3398-3845-41A2-8F0A-95D3EAF64010} = {F61069CD-BD9A-4AE3-B965-84ECDAD9B99C}
		{6B9F4636-EAE8-433A-B226-A63FF241A7B3} = {91F01544-8205-4B82-8513-E6156CC6BEB3}
		{C1A35C32-F3A7-4A40-88C4-DD048B1882AA} = {4AE5435E-51DE-4AF0-8B2B-4375E4A36A58}
		{D84C8097-FF3E-4CEE-B47F-B3D5A14158C3} = {E7E13D89-46D8-4339-B24A-7505973B4BBB}
		{1AE58D17-65DF-46F1-8F87-81B8014DF430} = {339A4F89-434E-41CF-9562-33EC60F74AA4}
		{3E40BCB9-24C7-49B1-8F42-1790F1A653D1} = {203FB63E-81AF-4B6A-923F-CE216B9B4644}
		{21FE2D89-79AB-4684-96A8-B854B0BB7D89} = {B27F7506-619C-4325-8DC4-A45CCD41F1BB}
	EndGlobalSection
	GlobalSection(ExtensibilityGlobals) = postSolution
		VisualSVNWorkingCopyRoot = .
		SolutionGuid = {0517FF9F-1A12-4999-9220-F8F6DF411B28}
	EndGlobalSection
EndGlobal
